
Microsoft Visual Studio Solution File, Format Version 12.00
# Visual Studio Version 17
VisualStudioVersion = 17.0.32126.317
MinimumVisualStudioVersion = 10.0.40219.1
Project("{9A19103F-16F7-4668-BE54-9A1E7A4F7556}") = "backend", "backend.csproj", "{EC682427-4FFB-44E0-8CB7-54D2B7C3EFB2}"
EndProject
Global
	GlobalSection(SolutionConfigurationPlatforms) = preSolution
		Debug|Any CPU = Debug|Any CPU
		Release|Any CPU = Release|Any CPU
	EndGlobalSection
	GlobalSection(ProjectConfigurationPlatforms) = postSolution
		{EC682427-4FFB-44E0-8CB7-54D2B7C3EFB2}.Debug|Any CPU.ActiveCfg = Debug|Any CPU
		{EC682427-4FFB-44E0-8CB7-54D2B7C3EFB2}.Debug|Any CPU.Build.0 = Debug|Any CPU
		{EC682427-4FFB-44E0-8CB7-54D2B7C3EFB2}.Release|Any CPU.ActiveCfg = Release|Any CPU
		{EC682427-4FFB-44E0-8CB7-54D2B7C3EFB2}.Release|Any CPU.Build.0 = Release|Any CPU
	EndGlobalSection
	GlobalSection(SolutionProperties) = preSolution
		HideSolutionNode = FALSE
	EndGlobalSection
	GlobalSection(ExtensibilityGlobals) = postSolution
		SolutionGuid = {B81EF4B7-808C-40A5-9883-B3F587051A51}
	EndGlobalSection
EndGlobal
